// !$*UTF8*$!
{
	archiveVersion = 1;
	classes = {
	};
	objectVersion = 56;
	objects = {

/* Begin PBXBuildFile section */
		CF8CA3F82FC9604000083355 /* Assets.xcassets in Sources */ = {isa = PBXBuildFile; fileRef = CFAD03AF2FC49164001665C6 /* Assets.xcassets */; };
		Main_App /* MeshOSApp.swift in Sources */ = {isa = PBXBuildFile; fileRef = Main_App_File /* MeshOSApp.swift */; };
		Main_Connection /* ConnectionSheet.swift in Sources */ = {isa = PBXBuildFile; fileRef = Main_Connection_File /* ConnectionSheet.swift */; };
		Main_Content /* ContentView.swift in Sources */ = {isa = PBXBuildFile; fileRef = Main_Content_File /* ContentView.swift */; };
		Main_Manager /* MeshManager.swift in Sources */ = {isa = PBXBuildFile; fileRef = Main_Manager_File /* MeshManager.swift */; };
		Main_Messages /* MessagesView.swift in Sources */ = {isa = PBXBuildFile; fileRef = Main_Messages_File /* MessagesView.swift */; };
		Main_Network /* NetworkView.swift in Sources */ = {isa = PBXBuildFile; fileRef = Main_Network_File /* NetworkView.swift */; };
		Main_Nodes /* NodesView.swift in Sources */ = {isa = PBXBuildFile; fileRef = Main_Nodes_File /* NodesView.swift */; };
		Main_Settings /* SettingsView.swift in Sources */ = {isa = PBXBuildFile; fileRef = Main_Settings_File /* SettingsView.swift */; };
		Main_MetalTopology /* MetalTopologyView.swift in Sources */ = {isa = PBXBuildFile; fileRef = Main_MetalTopology_File /* MetalTopologyView.swift */; };
		Main_Shaders /* Shaders.metal in Sources */ = {isa = PBXBuildFile; fileRef = Main_Shaders_File /* Shaders.metal */; };
		Main_Dashboard /* DashboardView.swift in Sources */ = {isa = PBXBuildFile; fileRef = Main_Dashboard_File /* DashboardView.swift */; };
/* End PBXBuildFile section */

/* Begin PBXFileReference section */
		App_Product /* MeshOS.app */ = {isa = PBXFileReference; explicitFileType = wrapper.application; includeInIndex = 0; path = MeshOS.app; sourceTree = BUILT_PRODUCTS_DIR; };
		CFAD03AF2FC49164001665C6 /* Assets.xcassets */ = {isa = PBXFileReference; lastKnownFileType = folder.assetcatalog; path = Assets.xcassets; sourceTree = "<group>"; };
		Main_App_File /* MeshOSApp.swift */ = {isa = PBXFileReference; lastKnownFileType = sourcecode.swift; path = MeshOSApp.swift; sourceTree = "<group>"; };
		Main_Connection_File /* ConnectionSheet.swift */ = {isa = PBXFileReference; lastKnownFileType = sourcecode.swift; path = ConnectionSheet.swift; sourceTree = "<group>"; };
		Main_Content_File /* ContentView.swift */ = {isa = PBXFileReference; lastKnownFileType = sourcecode.swift; path = ContentView.swift; sourceTree = "<group>"; };
		Main_Entitlements /* MeshOS.entitlements */ = {isa = PBXFileReference; lastKnownFileType = text.plist.entitlements; path = MeshOS.entitlements; sourceTree = "<group>"; };
		Main_Manager_File /* MeshManager.swift */ = {isa = PBXFileReference; lastKnownFileType = sourcecode.swift; path = MeshManager.swift; sourceTree = "<group>"; };
		Main_Messages_File /* MessagesView.swift */ = {isa = PBXFileReference; lastKnownFileType = sourcecode.swift; path = MessagesView.swift; sourceTree = "<group>"; };
		Main_Network_File /* NetworkView.swift */ = {isa = PBXFileReference; lastKnownFileType = sourcecode.swift; path = NetworkView.swift; sourceTree = "<group>"; };
		Main_Nodes_File /* NodesView.swift */ = {isa = PBXFileReference; lastKnownFileType = sourcecode.swift; path = NodesView.swift; sourceTree = "<group>"; };
		Main_Settings_File /* SettingsView.swift */ = {isa = PBXFileReference; lastKnownFileType = sourcecode.swift; path = SettingsView.swift; sourceTree = "<group>"; };
		Main_MetalTopology_File /* MetalTopologyView.swift */ = {isa = PBXFileReference; lastKnownFileType = sourcecode.swift; path = MetalTopologyView.swift; sourceTree = "<group>"; };
		Main_Shaders_File /* Shaders.metal */ = {isa = PBXFileReference; lastKnownFileType = sourcecode.metal; path = Shaders.metal; sourceTree = "<group>"; };
		Main_Dashboard_File /* DashboardView.swift */ = {isa = PBXFileReference; lastKnownFileType = sourcecode.swift; path = DashboardView.swift; sourceTree = "<group>"; };
/* End PBXFileReference section */

/* Begin PBXGroup section */
		Main_Group /* MeshOSApp */ = {
			isa = PBXGroup;
			children = (
				Main_App_File /* MeshOSApp.swift */,
				Main_Content_File /* ContentView.swift */,
				Main_Manager_File /* MeshManager.swift */,
				Main_Shaders_File /* Shaders.metal */,
				Views_Group /* Views */,
				Main_Entitlements /* MeshOS.entitlements */,
				CFAD03AF2FC49164001665C6 /* Assets.xcassets */,
			);
			path = MeshOSApp;
			sourceTree = "<group>";
		};
		Products_Group /* Products */ = {
			isa = PBXGroup;
			children = (
				App_Product /* MeshOS.app */,
			);
			name = Products;
			sourceTree = "<group>";
		};
		Root_Group = {
			isa = PBXGroup;
			children = (
				Main_Group /* MeshOSApp */,
				Products_Group /* Products */,
			);
			sourceTree = "<group>";
		};
		Views_Group /* Views */ = {
			isa = PBXGroup;
			children = (
				Main_Messages_File /* MessagesView.swift */,
				Main_Nodes_File /* NodesView.swift */,
				Main_Network_File /* NetworkView.swift */,
				Main_Connection_File /* ConnectionSheet.swift */,
				Main_Settings_File /* SettingsView.swift */,
				Main_MetalTopology_File /* MetalTopologyView.swift */,
				Main_Dashboard_File /* DashboardView.swift */,
			);
			path = Views;
			sourceTree = "<group>";
		};
/* End PBXGroup section */

/* Begin PBXNativeTarget section */
		App_Target /* MeshOS */ = {
			isa = PBXNativeTarget;
			buildConfigurationList = App_BuildConfigList /* Build configuration list for PBXNativeTarget "MeshOS" */;
			buildPhases = (
				App_SourcesBuild /* Sources */,
			);
			buildRules = (
			);
			dependencies = (
			);
			name = MeshOS;
			productName = MeshOS;
			productReference = App_Product /* MeshOS.app */;
			productType = "com.apple.product-type.application";
		};
/* End PBXNativeTarget section */

/* Begin PBXProject section */
		Root_Project /* Project object */ = {
			isa = PBXProject;
			attributes = {
				BuildIndependentTargetsInParallel = 1;
				LastSwiftUpdateCheck = 1500;
				LastUpgradeCheck = 2650;
			};
			buildConfigurationList = Root_BuildConfigList /* Build configuration list for PBXProject "MeshOS" */;
			compatibilityVersion = "Xcode 14.0";
			developmentRegion = en;
			hasScannedForEncodings = 0;
			knownRegions = (
				en,
				Base,
			);
			mainGroup = Root_Group;
			productRefGroup = Products_Group /* Products */;
			projectDirPath = "";
			projectRoot = "";
			targets = (
				App_Target /* MeshOS */,
			);
		};
/* End PBXProject section */

/* Begin PBXSourcesBuildPhase section */
		App_SourcesBuild /* Sources */ = {
			isa = PBXSourcesBuildPhase;
			buildActionMask = 2147483647;
			files = (
				CF8CA3F82FC9604000083355 /* Assets.xcassets in Sources */,
				Main_App /* MeshOSApp.swift in Sources */,
				Main_Content /* ContentView.swift in Sources */,
				Main_Manager /* MeshManager.swift in Sources */,
				Main_Messages /* MessagesView.swift in Sources */,
				Main_Nodes /* NodesView.swift in Sources */,
				Main_Network /* NetworkView.swift in Sources */,
				Main_Connection /* ConnectionSheet.swift in Sources */,
				Main_Settings /* SettingsView.swift in Sources */,
				Main_MetalTopology /* MetalTopologyView.swift in Sources */,
				Main_Shaders /* Shaders.metal in Sources */,
				Main_Dashboard /* DashboardView.swift in Sources */,
			);
			runOnlyForDeploymentPostprocessing = 0;
		};
/* End PBXSourcesBuildPhase section */

/* Begin XCBuildConfiguration section */
		Debug_App_Config /* Debug */ = {
			isa = XCBuildConfiguration;
			buildSettings = {
				ASSETCATALOG_COMPILER_APPICON_NAME = AppIcon;
				ASSETCATALOG_COMPILER_INCLUDE_ALL_APPICON_ASSETS = YES;
				CODE_SIGN_ENTITLEMENTS = MeshOSApp/MeshOS.entitlements;
				CODE_SIGN_IDENTITY = "Apple Development";
				"CODE_SIGN_IDENTITY[sdk=macosx*]" = "-";
				CODE_SIGN_STYLE = Automatic;
				COMBINE_HIDPI_IMAGES = YES;
				CURRENT_PROJECT_VERSION = 1;
				DEAD_CODE_STRIPPING = YES;
				DEVELOPMENT_TEAM = VL6MSK26LR;
				ENABLE_HARDENED_RUNTIME = YES;
				GENERATE_INFOPLIST_FILE = YES;
				INFOPLIST_FILE = MeshOSApp/Info.plist;
				INFOPLIST_KEY_CFBundleDisplayName = "Mesh OS";
				INFOPLIST_KEY_LSApplicationCategoryType = "public.app-category.utilities";
				INFOPLIST_KEY_NSHumanReadableCopyright = "Copyright © 2024. All rights reserved.";
				LD_RUNPATH_SEARCH_PATHS = (
					"$(inherited)",
					"@executable_path/../Frameworks",
				);
				MACOSX_DEPLOYMENT_TARGET = 26.0;
				MARKETING_VERSION = 1.0;
				PRODUCT_BUNDLE_IDENTIFIER = com.meshos.app;
				PRODUCT_NAME = "$(TARGET_NAME)";
				PROVISIONING_PROFILE_SPECIFIER = "";
				SWIFT_EMIT_LOC_STRINGS = YES;
				SWIFT_VERSION = 5.0;
			};
			name = Debug;
		};
		Debug_Project_Config /* Debug */ = {
			isa = XCBuildConfiguration;
			buildSettings = {
				ALWAYS_SEARCH_USER_PATHS = NO;
				CLANG_ANALYZER_NONNULL = YES;
				CLANG_ANALYZER_NUMBER_OBJECT_CONVERSION = YES_AGGRESSIVE;
				CLANG_CXX_LANGUAGE_STANDARD = "gnu++20";
				CLANG_ENABLE_MODULES = YES;
				CLANG_ENABLE_OBJC_ARC = YES;
				CLANG_ENABLE_OBJC_WEAK = YES;
				CLANG_WARN_BLOCK_CAPTURE_AUTORELEASING = YES;
				CLANG_WARN_BOOL_CONVERSION = YES;
				CLANG_WARN_COMMA = YES;
				CLANG_WARN_CONSTANT_CONVERSION = YES;
				CLANG_WARN_DEPRECATED_OBJC_IMPLEMENTATIONS = YES;
				CLANG_WARN_DIRECT_OBJC_ISA_USAGE = YES_ERROR;
				CLANG_WARN_DOCUMENTATION_COMMENTS = YES;
				CLANG_WARN_EMPTY_BODY = YES;
				CLANG_WARN_ENUM_CONVERSION = YES;
				CLANG_WARN_INFINITE_RECURSION = YES;
				CLANG_WARN_INT_CONVERSION = YES;
				CLANG_WARN_NON_LITERAL_NULL_CONVERSION = YES;
				CLANG_WARN_OBJC_IMPLICIT_RETAIN_SELF = YES;
				CLANG_WARN_OBJC_LITERAL_CONVERSION = YES;
				CLANG_WARN_OBJC_ROOT_CLASS = YES_ERROR;
				CLANG_WARN_QUOTED_INCLUDE_IN_FRAMEWORK_HEADER = YES;
				CLANG_WARN_RANGE_LOOP_ANALYSIS = YES;
				CLANG_WARN_STRICT_PROTOTYPES = YES;
				CLANG_WARN_SUSPICIOUS_MOVE = YES;
				CLANG_WARN_UNGUARDED_AVAILABILITY = YES_AGGRESSIVE;
				CLANG_WARN_UNREACHABLE_CODE = YES;
				CLANG_WARN__DUPLICATE_METHOD_MATCH = YES;
				COPY_PHASE_STRIP = NO;
				DEAD_CODE_STRIPPING = YES;
				DEBUG_INFORMATION_FORMAT = dwarf;
				ENABLE_STRICT_OBJC_MSGSEND = YES;
				ENABLE_TESTABILITY = YES;
				ENABLE_USER_SCRIPT_SANDBOXING = YES;
				GCC_C_LANGUAGE_STANDARD = gnu11;
				GCC_DYNAMIC_NO_PIC = NO;
				GCC_NO_COMMON_BLOCKS = YES;
				GCC_OPTIMIZATION_LEVEL = 0;
				GCC_PREPROCESSOR_DEFINITIONS = (
					"DEBUG=1",
					"$(inherited)",
				);
				GCC_WARN_64_TO_32_BIT_CONVERSION = YES;
				GCC_WARN_ABOUT_RETURN_TYPE = YES_ERROR;
				GCC_WARN_UNDECLARED_SELECTOR = YES;
				GCC_WARN_UNINITIALIZED_AUTOS = YES_AGGRESSIVE;
				GCC_WARN_UNUSED_FUNCTION = YES;
				GCC_WARN_UNUSED_VARIABLE = YES;
				MTL_ENABLE_DEBUG_INFO = INCLUDE_SOURCE;
				MTL_FAST_MATH = YES;
				ONLY_ACTIVE_ARCH = YES;
				SDKROOT = macosx;
				STRING_CATALOG_GENERATE_SYMBOLS = YES;
				SWIFT_ACTIVE_COMPILATION_CONDITIONS = DEBUG;
				SWIFT_OPTIMIZATION_LEVEL = "-Onone";
			};
			name = Debug;
		};
		Release_App_Config /* Release */ = {
			isa = XCBuildConfiguration;
			buildSettings = {
				ASSETCATALOG_COMPILER_APPICON_NAME = AppIcon;
				ASSETCATALOG_COMPILER_INCLUDE_ALL_APPICON_ASSETS = YES;
				CODE_SIGN_ENTITLEMENTS = MeshOSApp/MeshOS.entitlements;
				CODE_SIGN_IDENTITY = "Apple Development";
				"CODE_SIGN_IDENTITY[sdk=macosx*]" = "-";
				CODE_SIGN_STYLE = Automatic;
				COMBINE_HIDPI_IMAGES = YES;
				CURRENT_PROJECT_VERSION = 1;
				DEAD_CODE_STRIPPING = YES;
				DEVELOPMENT_TEAM = VL6MSK26LR;
				ENABLE_HARDENED_RUNTIME = YES;
				GENERATE_INFOPLIST_FILE = YES;
				INFOPLIST_FILE = MeshOSApp/Info.plist;
				INFOPLIST_KEY_CFBundleDisplayName = "Mesh OS";
				INFOPLIST_KEY_LSApplicationCategoryType = "public.app-category.utilities";
				INFOPLIST_KEY_NSHumanReadableCopyright = "Copyright © 2024. All rights reserved.";
				LD_RUNPATH_SEARCH_PATHS = (
					"$(inherited)",
					"@executable_path/../Frameworks",
				);
				MACOSX_DEPLOYMENT_TARGET = 26.0;
				MARKETING_VERSION = 1.0;
				PRODUCT_BUNDLE_IDENTIFIER = com.meshos.app;
				PRODUCT_NAME = "$(TARGET_NAME)";
				PROVISIONING_PROFILE_SPECIFIER = "";
				SWIFT_EMIT_LOC_STRINGS = YES;
				SWIFT_VERSION = 5.0;
			};
			name = Release;
		};
		Release_Project_Config /* Release */ = {
			isa = XCBuildConfiguration;
			buildSettings = {
				ALWAYS_SEARCH_USER_PATHS = NO;
				CLANG_ANALYZER_NONNULL = YES;
				CLANG_ANALYZER_NUMBER_OBJECT_CONVERSION = YES_AGGRESSIVE;
				CLANG_CXX_LANGUAGE_STANDARD = "gnu++20";
				CLANG_ENABLE_MODULES = YES;
				CLANG_ENABLE_OBJC_ARC = YES;
				CLANG_ENABLE_OBJC_WEAK = YES;
				CLANG_WARN_BLOCK_CAPTURE_AUTORELEASING = YES;
				CLANG_WARN_BOOL_CONVERSION = YES;
				CLANG_WARN_COMMA = YES;
				CLANG_WARN_CONSTANT_CONVERSION = YES;
				CLANG_WARN_DEPRECATED_OBJC_IMPLEMENTATIONS = YES;
				CLANG_WARN_DIRECT_OBJC_ISA_USAGE = YES_ERROR;
				CLANG_WARN_DOCUMENTATION_COMMENTS = YES;
				CLANG_WARN_EMPTY_BODY = YES;
				CLANG_WARN_ENUM_CONVERSION = YES;
				CLANG_WARN_INFINITE_RECURSION = YES;
				CLANG_WARN_INT_CONVERSION = YES;
				CLANG_WARN_NON_LITERAL_NULL_CONVERSION = YES;
				CLANG_WARN_OBJC_IMPLICIT_RETAIN_SELF = YES;
				CLANG_WARN_OBJC_LITERAL_CONVERSION = YES;
				CLANG_WARN_OBJC_ROOT_CLASS = YES_ERROR;
				CLANG_WARN_QUOTED_INCLUDE_IN_FRAMEWORK_HEADER = YES;
				CLANG_WARN_RANGE_LOOP_ANALYSIS = YES;
				CLANG_WARN_STRICT_PROTOTYPES = YES;
				CLANG_WARN_SUSPICIOUS_MOVE = YES;
				CLANG_WARN_UNGUARDED_AVAILABILITY = YES_AGGRESSIVE;
				CLANG_WARN_UNREACHABLE_CODE = YES;
				CLANG_WARN__DUPLICATE_METHOD_MATCH = YES;
				COPY_PHASE_STRIP = NO;
				DEAD_CODE_STRIPPING = YES;
				DEBUG_INFORMATION_FORMAT = "dwarf-with-dsym";
				ENABLE_NS_ASSERTIONS = NO;
				ENABLE_STRICT_OBJC_MSGSEND = YES;
				ENABLE_USER_SCRIPT_SANDBOXING = YES;
				GCC_C_LANGUAGE_STANDARD = gnu11;
				GCC_NO_COMMON_BLOCKS = YES;
				GCC_WARN_64_TO_32_BIT_CONVERSION = YES;
				GCC_WARN_ABOUT_RETURN_TYPE = YES_ERROR;
				GCC_WARN_UNDECLARED_SELECTOR = YES;
				GCC_WARN_UNINITIALIZED_AUTOS = YES_AGGRESSIVE;
				GCC_WARN_UNUSED_FUNCTION = YES;
				GCC_WARN_UNUSED_VARIABLE = YES;
				MTL_ENABLE_DEBUG_INFO = NO;
				MTL_FAST_MATH = YES;
				SDKROOT = macosx;
				STRING_CATALOG_GENERATE_SYMBOLS = YES;
				SWIFT_COMPILATION_MODE = wholemodule;
				SWIFT_OPTIMIZATION_LEVEL = "-O";
			};
			name = Release;
		};
/* End XCBuildConfiguration section */

/* Begin XCConfigurationList section */
		App_BuildConfigList /* Build configuration list for PBXNativeTarget "MeshOS" */ = {
			isa = XCConfigurationList;
			buildConfigurations = (
				Debug_App_Config /* Debug */,
				Release_App_Config /* Release */,
			);
			defaultConfigurationIsVisible = 0;
			defaultConfigurationName = Release;
		};
		Root_BuildConfigList /* Build configuration list for PBXProject "MeshOS" */ = {
			isa = XCConfigurationList;
			buildConfigurations = (
				Debug_Project_Config /* Debug */,
				Release_Project_Config /* Release */,
			);
			defaultConfigurationIsVisible = 0;
			defaultConfigurationName = Release;
		};
/* End XCConfigurationList section */
	};
	rootObject = Root_Project /* Project object */;
}
